
Microsoft Visual Studio Solution File, Format Version 12.00
# Visual Studio 14
VisualStudioVersion = 14.0.24720.0
MinimumVisualStudioVersion = 10.0.40219.1
Project("{FAE04EC0-301F-11D3-BF4B-00C04F79EFBC}") = "App9.Droid", "App9\App9.Droid\App9.Droid.csproj", "{647E4A08-91C2-4220-9556-3426E76F278E}"
EndProject
Project("{FAE04EC0-301F-11D3-BF4B-00C04F79EFBC}") = "App9.iOS", "App9\App9.iOS\App9.iOS.csproj", "{E41EB928-4005-4959-92E2-B18897F8EB70}"
EndProject
Project("{FAE04EC0-301F-11D3-BF4B-00C04F79EFBC}") = "App9.WinPhone", "App9\App9.WinPhone\App9.WinPhone.csproj", "{626533DE-D686-45AE-84C1-6BA8AFCBD818}"
EndProject
Project("{FAE04EC0-301F-11D3-BF4B-00C04F79EFBC}") = "App9", "App9\App9\App9.csproj", "{FF0DAE34-43E6-4E03-B888-EC79E477A647}"
EndProject
Global
	GlobalSection(SolutionConfigurationPlatforms) = preSolution
		Ad-Hoc|Any CPU = Ad-Hoc|Any CPU
		Ad-Hoc|ARM = Ad-Hoc|ARM
		Ad-Hoc|iPhone = Ad-Hoc|iPhone
		Ad-Hoc|iPhoneSimulator = Ad-Hoc|iPhoneSimulator
		Ad-Hoc|x86 = Ad-Hoc|x86
		AppStore|Any CPU = AppStore|Any CPU
		AppStore|ARM = AppStore|ARM
		AppStore|iPhone = AppStore|iPhone
		AppStore|iPhoneSimulator = AppStore|iPhoneSimulator
		AppStore|x86 = AppStore|x86
		Debug|Any CPU = Debug|Any CPU
		Debug|ARM = Debug|ARM
		Debug|iPhone = Debug|iPhone
		Debug|iPhoneSimulator = Debug|iPhoneSimulator
		Debug|x86 = Debug|x86
		Release|Any CPU = Release|Any CPU
		Release|ARM = Release|ARM
		Release|iPhone = Release|iPhone
		Release|iPhoneSimulator = Release|iPhoneSimulator
		Release|x86 = Release|x86
	EndGlobalSection
	GlobalSection(ProjectConfigurationPlatforms) = postSolution
		{647E4A08-91C2-4220-9556-3426E76F278E}.Ad-Hoc|Any CPU.ActiveCfg = Release|Any CPU
		{647E4A08-91C2-4220-9556-3426E76F278E}.Ad-Hoc|Any CPU.Build.0 = Release|Any CPU
		{647E4A08-91C2-4220-9556-3426E76F278E}.Ad-Hoc|Any CPU.Deploy.0 = Release|Any CPU
		{647E4A08-91C2-4220-9556-3426E76F278E}.Ad-Hoc|ARM.ActiveCfg = Release|Any CPU
		{647E4A08-91C2-4220-9556-3426E76F278E}.Ad-Hoc|ARM.Build.0 = Release|Any CPU
		{647E4A08-91C2-4220-9556-3426E76F278E}.Ad-Hoc|ARM.Deploy.0 = Release|Any CPU
		{647E4A08-91C2-4220-9556-3426E76F278E}.Ad-Hoc|iPhone.ActiveCfg = Release|Any CPU
		{647E4A08-91C2-4220-9556-3426E76F278E}.Ad-Hoc|iPhone.Build.0 = Release|Any CPU
		{647E4A08-91C2-4220-9556-3426E76F278E}.Ad-Hoc|iPhone.Deploy.0 = Release|Any CPU
		{647E4A08-91C2-4220-9556-3426E76F278E}.Ad-Hoc|iPhoneSimulator.ActiveCfg = Release|Any CPU
		{647E4A08-91C2-4220-9556-3426E76F278E}.Ad-Hoc|iPhoneSimulator.Build.0 = Release|Any CPU
		{647E4A08-91C2-4220-9556-3426E76F278E}.Ad-Hoc|iPhoneSimulator.Deploy.0 = Release|Any CPU
		{647E4A08-91C2-4220-9556-3426E76F278E}.Ad-Hoc|x86.ActiveCfg = Release|Any CPU
		{647E4A08-91C2-4220-9556-3426E76F278E}.Ad-Hoc|x86.Build.0 = Release|Any CPU
		{647E4A08-91C2-4220-9556-3426E76F278E}.Ad-Hoc|x86.Deploy.0 = Release|Any CPU
		{647E4A08-91C2-4220-9556-3426E76F278E}.AppStore|Any CPU.ActiveCfg = Release|Any CPU
		{647E4A08-91C2-4220-9556-3426E76F278E}.AppStore|Any CPU.Build.0 = Release|Any CPU
		{647E4A08-91C2-4220-9556-3426E76F278E}.AppStore|Any CPU.Deploy.0 = Release|Any CPU
		{647E4A08-91C2-4220-9556-3426E76F278E}.AppStore|ARM.ActiveCfg = Release|Any CPU
		{647E4A08-91C2-4220-9556-3426E76F278E}.AppStore|ARM.Build.0 = Release|Any CPU
		{647E4A08-91C2-4220-9556-3426E76F278E}.AppStore|ARM.Deploy.0 = Release|Any CPU
		{647E4A08-91C2-4220-9556-3426E76F278E}.AppStore|iPhone.ActiveCfg = Release|Any CPU
		{647E4A08-91C2-4220-9556-3426E76F278E}.AppStore|iPhone.Build.0 = Release|Any CPU
		{647E4A08-91C2-4220-9556-3426E76F278E}.AppStore|iPhone.Deploy.0 = Release|Any CPU
		{647E4A08-91C2-4220-9556-3426E76F278E}.AppStore|iPhoneSimulator.ActiveCfg = Release|Any CPU
		{647E4A08-91C2-4220-9556-3426E76F278E}.AppStore|iPhoneSimulator.Build.0 = Release|Any CPU
		{647E4A08-91C2-4220-9556-3426E76F278E}.AppStore|iPhoneSimulator.Deploy.0 = Release|Any CPU
		{647E4A08-91C2-4220-9556-3426E76F278E}.AppStore|x86.ActiveCfg = Release|Any CPU
		{647E4A08-91C2-4220-9556-3426E76F278E}.AppStore|x86.Build.0 = Release|Any CPU
		{647E4A08-91C2-4220-9556-3426E76F278E}.AppStore|x86.Deploy.0 = Release|Any CPU
		{647E4A08-91C2-4220-9556-3426E76F278E}.Debug|Any CPU.ActiveCfg = Debug|Any CPU
		{647E4A08-91C2-4220-9556-3426E76F278E}.Debug|Any CPU.Build.0 = Debug|Any CPU
		{647E4A08-91C2-4220-9556-3426E76F278E}.Debug|Any CPU.Deploy.0 = Debug|Any CPU
		{647E4A08-91C2-4220-9556-3426E76F278E}.Debug|ARM.ActiveCfg = Debug|Any CPU
		{647E4A08-91C2-4220-9556-3426E76F278E}.Debug|ARM.Build.0 = Debug|Any CPU
		{647E4A08-91C2-4220-9556-3426E76F278E}.Debug|ARM.Deploy.0 = Debug|Any CPU
		{647E4A08-91C2-4220-9556-3426E76F278E}.Debug|iPhone.ActiveCfg = Debug|Any CPU
		{647E4A08-91C2-4220-9556-3426E76F278E}.Debug|iPhone.Build.0 = Debug|Any CPU
		{647E4A08-91C2-4220-9556-3426E76F278E}.Debug|iPhone.Deploy.0 = Debug|Any CPU
		{647E4A08-91C2-4220-9556-3426E76F278E}.Debug|iPhoneSimulator.ActiveCfg = Debug|Any CPU
		{647E4A08-91C2-4220-9556-3426E76F278E}.Debug|iPhoneSimulator.Build.0 = Debug|Any CPU
		{647E4A08-91C2-4220-9556-3426E76F278E}.Debug|iPhoneSimulator.Deploy.0 = Debug|Any CPU
		{647E4A08-91C2-4220-9556-3426E76F278E}.Debug|x86.ActiveCfg = Debug|Any CPU
		{647E4A08-91C2-4220-9556-3426E76F278E}.Debug|x86.Build.0 = Debug|Any CPU
		{647E4A08-91C2-4220-9556-3426E76F278E}.Debug|x86.Deploy.0 = Debug|Any CPU
		{647E4A08-91C2-4220-9556-3426E76F278E}.Release|Any CPU.ActiveCfg = Release|Any CPU
		{647E4A08-91C2-4220-9556-3426E76F278E}.Release|Any CPU.Build.0 = Release|Any CPU
		{647E4A08-91C2-4220-9556-3426E76F278E}.Release|Any CPU.Deploy.0 = Release|Any CPU
		{647E4A08-91C2-4220-9556-3426E76F278E}.Release|ARM.ActiveCfg = Release|Any CPU
		{647E4A08-91C2-4220-9556-3426E76F278E}.Release|ARM.Build.0 = Release|Any CPU
		{647E4A08-91C2-4220-9556-3426E76F278E}.Release|ARM.Deploy.0 = Release|Any CPU
		{647E4A08-91C2-4220-9556-3426E76F278E}.Release|iPhone.ActiveCfg = Release|Any CPU
		{647E4A08-91C2-4220-9556-3426E76F278E}.Release|iPhone.Build.0 = Release|Any CPU
		{647E4A08-91C2-4220-9556-3426E76F278E}.Release|iPhone.Deploy.0 = Release|Any CPU
		{647E4A08-91C2-4220-9556-3426E76F278E}.Release|iPhoneSimulator.ActiveCfg = Release|Any CPU
		{647E4A08-91C2-4220-9556-3426E76F278E}.Release|iPhoneSimulator.Build.0 = Release|Any CPU
		{647E4A08-91C2-4220-9556-3426E76F278E}.Release|iPhoneSimulator.Deploy.0 = Release|Any CPU
		{647E4A08-91C2-4220-9556-3426E76F278E}.Release|x86.ActiveCfg = Release|Any CPU
		{647E4A08-91C2-4220-9556-3426E76F278E}.Release|x86.Build.0 = Release|Any CPU
		{647E4A08-91C2-4220-9556-3426E76F278E}.Release|x86.Deploy.0 = Release|Any CPU
		{E41EB928-4005-4959-92E2-B18897F8EB70}.Ad-Hoc|Any CPU.ActiveCfg = Ad-Hoc|iPhone
		{E41EB928-4005-4959-92E2-B18897F8EB70}.Ad-Hoc|ARM.ActiveCfg = Ad-Hoc|iPhone
		{E41EB928-4005-4959-92E2-B18897F8EB70}.Ad-Hoc|iPhone.ActiveCfg = Ad-Hoc|iPhone
		{E41EB928-4005-4959-92E2-B18897F8EB70}.Ad-Hoc|iPhone.Build.0 = Ad-Hoc|iPhone
		{E41EB928-4005-4959-92E2-B18897F8EB70}.Ad-Hoc|iPhoneSimulator.ActiveCfg = Ad-Hoc|iPhoneSimulator
		{E41EB928-4005-4959-92E2-B18897F8EB70}.Ad-Hoc|iPhoneSimulator.Build.0 = Ad-Hoc|iPhoneSimulator
		{E41EB928-4005-4959-92E2-B18897F8EB70}.Ad-Hoc|x86.ActiveCfg = Ad-Hoc|iPhone
		{E41EB928-4005-4959-92E2-B18897F8EB70}.AppStore|Any CPU.ActiveCfg = AppStore|iPhone
		{E41EB928-4005-4959-92E2-B18897F8EB70}.AppStore|ARM.ActiveCfg = AppStore|iPhone
		{E41EB928-4005-4959-92E2-B18897F8EB70}.AppStore|iPhone.ActiveCfg = AppStore|iPhone
		{E41EB928-4005-4959-92E2-B18897F8EB70}.AppStore|iPhone.Build.0 = AppStore|iPhone
		{E41EB928-4005-4959-92E2-B18897F8EB70}.AppStore|iPhoneSimulator.ActiveCfg = AppStore|iPhoneSimulator
		{E41EB928-4005-4959-92E2-B18897F8EB70}.AppStore|iPhoneSimulator.Build.0 = AppStore|iPhoneSimulator
		{E41EB928-4005-4959-92E2-B18897F8EB70}.AppStore|x86.ActiveCfg = AppStore|iPhone
		{E41EB928-4005-4959-92E2-B18897F8EB70}.Debug|Any CPU.ActiveCfg = Debug|iPhone
		{E41EB928-4005-4959-92E2-B18897F8EB70}.Debug|ARM.ActiveCfg = Debug|iPhone
		{E41EB928-4005-4959-92E2-B18897F8EB70}.Debug|iPhone.ActiveCfg = Debug|iPhone
		{E41EB928-4005-4959-92E2-B18897F8EB70}.Debug|iPhone.Build.0 = Debug|iPhone
		{E41EB928-4005-4959-92E2-B18897F8EB70}.Debug|iPhoneSimulator.ActiveCfg = Debug|iPhoneSimulator
		{E41EB928-4005-4959-92E2-B18897F8EB70}.Debug|iPhoneSimulator.Build.0 = Debug|iPhoneSimulator
		{E41EB928-4005-4959-92E2-B18897F8EB70}.Debug|x86.ActiveCfg = Debug|iPhone
		{E41EB928-4005-4959-92E2-B18897F8EB70}.Release|Any CPU.ActiveCfg = Release|iPhone
		{E41EB928-4005-4959-92E2-B18897F8EB70}.Release|ARM.ActiveCfg = Release|iPhone
		{E41EB928-4005-4959-92E2-B18897F8EB70}.Release|iPhone.ActiveCfg = Release|iPhone
		{E41EB928-4005-4959-92E2-B18897F8EB70}.Release|iPhone.Build.0 = Release|iPhone
		{E41EB928-4005-4959-92E2-B18897F8EB70}.Release|iPhoneSimulator.ActiveCfg = Release|iPhoneSimulator
		{E41EB928-4005-4959-92E2-B18897F8EB70}.Release|iPhoneSimulator.Build.0 = Release|iPhoneSimulator
		{E41EB928-4005-4959-92E2-B18897F8EB70}.Release|x86.ActiveCfg = Release|iPhone
		{626533DE-D686-45AE-84C1-6BA8AFCBD818}.Ad-Hoc|Any CPU.ActiveCfg = Release|Any CPU
		{626533DE-D686-45AE-84C1-6BA8AFCBD818}.Ad-Hoc|Any CPU.Build.0 = Release|Any CPU
		{626533DE-D686-45AE-84C1-6BA8AFCBD818}.Ad-Hoc|Any CPU.Deploy.0 = Release|Any CPU
		{626533DE-D686-45AE-84C1-6BA8AFCBD818}.Ad-Hoc|ARM.ActiveCfg = Release|ARM
		{626533DE-D686-45AE-84C1-6BA8AFCBD818}.Ad-Hoc|ARM.Build.0 = Release|ARM
		{626533DE-D686-45AE-84C1-6BA8AFCBD818}.Ad-Hoc|ARM.Deploy.0 = Release|ARM
		{626533DE-D686-45AE-84C1-6BA8AFCBD818}.Ad-Hoc|iPhone.ActiveCfg = Release|Any CPU
		{626533DE-D686-45AE-84C1-6BA8AFCBD818}.Ad-Hoc|iPhone.Build.0 = Release|Any CPU
		{626533DE-D686-45AE-84C1-6BA8AFCBD818}.Ad-Hoc|iPhone.Deploy.0 = Release|Any CPU
		{626533DE-D686-45AE-84C1-6BA8AFCBD818}.Ad-Hoc|iPhoneSimulator.ActiveCfg = Release|Any CPU
		{626533DE-D686-45AE-84C1-6BA8AFCBD818}.Ad-Hoc|iPhoneSimulator.Build.0 = Release|Any CPU
		{626533DE-D686-45AE-84C1-6BA8AFCBD818}.Ad-Hoc|iPhoneSimulator.Deploy.0 = Release|Any CPU
		{626533DE-D686-45AE-84C1-6BA8AFCBD818}.Ad-Hoc|x86.ActiveCfg = Release|x86
		{626533DE-D686-45AE-84C1-6BA8AFCBD818}.Ad-Hoc|x86.Build.0 = Release|x86
		{626533DE-D686-45AE-84C1-6BA8AFCBD818}.Ad-Hoc|x86.Deploy.0 = Release|x86
		{626533DE-D686-45AE-84C1-6BA8AFCBD818}.AppStore|Any CPU.ActiveCfg = Release|Any CPU
		{626533DE-D686-45AE-84C1-6BA8AFCBD818}.AppStore|Any CPU.Build.0 = Release|Any CPU
		{626533DE-D686-45AE-84C1-6BA8AFCBD818}.AppStore|Any CPU.Deploy.0 = Release|Any CPU
		{626533DE-D686-45AE-84C1-6BA8AFCBD818}.AppStore|ARM.ActiveCfg = Release|ARM
		{626533DE-D686-45AE-84C1-6BA8AFCBD818}.AppStore|ARM.Build.0 = Release|ARM
		{626533DE-D686-45AE-84C1-6BA8AFCBD818}.AppStore|ARM.Deploy.0 = Release|ARM
		{626533DE-D686-45AE-84C1-6BA8AFCBD818}.AppStore|iPhone.ActiveCfg = Release|Any CPU
		{626533DE-D686-45AE-84C1-6BA8AFCBD818}.AppStore|iPhone.Build.0 = Release|Any CPU
		{626533DE-D686-45AE-84C1-6BA8AFCBD818}.AppStore|iPhone.Deploy.0 = Release|Any CPU
		{626533DE-D686-45AE-84C1-6BA8AFCBD818}.AppStore|iPhoneSimulator.ActiveCfg = Release|Any CPU
		{626533DE-D686-45AE-84C1-6BA8AFCBD818}.AppStore|iPhoneSimulator.Build.0 = Release|Any CPU
		{626533DE-D686-45AE-84C1-6BA8AFCBD818}.AppStore|iPhoneSimulator.Deploy.0 = Release|Any CPU
		{626533DE-D686-45AE-84C1-6BA8AFCBD818}.AppStore|x86.ActiveCfg = Release|x86
		{626533DE-D686-45AE-84C1-6BA8AFCBD818}.AppStore|x86.Build.0 = Release|x86
		{626533DE-D686-45AE-84C1-6BA8AFCBD818}.AppStore|x86.Deploy.0 = Release|x86
		{626533DE-D686-45AE-84C1-6BA8AFCBD818}.Debug|Any CPU.ActiveCfg = Debug|Any CPU
		{626533DE-D686-45AE-84C1-6BA8AFCBD818}.Debug|Any CPU.Build.0 = Debug|Any CPU
		{626533DE-D686-45AE-84C1-6BA8AFCBD818}.Debug|Any CPU.Deploy.0 = Debug|Any CPU
		{626533DE-D686-45AE-84C1-6BA8AFCBD818}.Debug|ARM.ActiveCfg = Debug|ARM
		{626533DE-D686-45AE-84C1-6BA8AFCBD818}.Debug|ARM.Build.0 = Debug|ARM
		{626533DE-D686-45AE-84C1-6BA8AFCBD818}.Debug|ARM.Deploy.0 = Debug|ARM
		{626533DE-D686-45AE-84C1-6BA8AFCBD818}.Debug|iPhone.ActiveCfg = Debug|Any CPU
		{626533DE-D686-45AE-84C1-6BA8AFCBD818}.Debug|iPhone.Build.0 = Debug|Any CPU
		{626533DE-D686-45AE-84C1-6BA8AFCBD818}.Debug|iPhone.Deploy.0 = Debug|Any CPU
		{626533DE-D686-45AE-84C1-6BA8AFCBD818}.Debug|iPhoneSimulator.ActiveCfg = Debug|Any CPU
		{626533DE-D686-45AE-84C1-6BA8AFCBD818}.Debug|iPhoneSimulator.Build.0 = Debug|Any CPU
		{626533DE-D686-45AE-84C1-6BA8AFCBD818}.Debug|iPhoneSimulator.Deploy.0 = Debug|Any CPU
		{626533DE-D686-45AE-84C1-6BA8AFCBD818}.Debug|x86.ActiveCfg = Debug|x86
		{626533DE-D686-45AE-84C1-6BA8AFCBD818}.Debug|x86.Build.0 = Debug|x86
		{626533DE-D686-45AE-84C1-6BA8AFCBD818}.Debug|x86.Deploy.0 = Debug|x86
		{626533DE-D686-45AE-84C1-6BA8AFCBD818}.Release|Any CPU.ActiveCfg = Release|Any CPU
		{626533DE-D686-45AE-84C1-6BA8AFCBD818}.Release|Any CPU.Build.0 = Release|Any CPU
		{626533DE-D686-45AE-84C1-6BA8AFCBD818}.Release|Any CPU.Deploy.0 = Release|Any CPU
		{626533DE-D686-45AE-84C1-6BA8AFCBD818}.Release|ARM.ActiveCfg = Release|ARM
		{626533DE-D686-45AE-84C1-6BA8AFCBD818}.Release|ARM.Build.0 = Release|ARM
		{626533DE-D686-45AE-84C1-6BA8AFCBD818}.Release|ARM.Deploy.0 = Release|ARM
		{626533DE-D686-45AE-84C1-6BA8AFCBD818}.Release|iPhone.ActiveCfg = Release|Any CPU
		{626533DE-D686-45AE-84C1-6BA8AFCBD818}.Release|iPhone.Build.0 = Release|Any CPU
		{626533DE-D686-45AE-84C1-6BA8AFCBD818}.Release|iPhone.Deploy.0 = Release|Any CPU
		{626533DE-D686-45AE-84C1-6BA8AFCBD818}.Release|iPhoneSimulator.ActiveCfg = Release|Any CPU
		{626533DE-D686-45AE-84C1-6BA8AFCBD818}.Release|iPhoneSimulator.Build.0 = Release|Any CPU
		{626533DE-D686-45AE-84C1-6BA8AFCBD818}.Release|iPhoneSimulator.Deploy.0 = Release|Any CPU
		{626533DE-D686-45AE-84C1-6BA8AFCBD818}.Release|x86.ActiveCfg = Release|x86
		{626533DE-D686-45AE-84C1-6BA8AFCBD818}.Release|x86.Build.0 = Release|x86
		{626533DE-D686-45AE-84C1-6BA8AFCBD818}.Release|x86.Deploy.0 = Release|x86
		{FF0DAE34-43E6-4E03-B888-EC79E477A647}.Ad-Hoc|Any CPU.ActiveCfg = Release|Any CPU
		{FF0DAE34-43E6-4E03-B888-EC79E477A647}.Ad-Hoc|Any CPU.Build.0 = Release|Any CPU
		{FF0DAE34-43E6-4E03-B888-EC79E477A647}.Ad-Hoc|ARM.ActiveCfg = Release|Any CPU
		{FF0DAE34-43E6-4E03-B888-EC79E477A647}.Ad-Hoc|ARM.Build.0 = Release|Any CPU
		{FF0DAE34-43E6-4E03-B888-EC79E477A647}.Ad-Hoc|iPhone.ActiveCfg = Release|Any CPU
		{FF0DAE34-43E6-4E03-B888-EC79E477A647}.Ad-Hoc|iPhone.Build.0 = Release|Any CPU
		{FF0DAE34-43E6-4E03-B888-EC79E477A647}.Ad-Hoc|iPhoneSimulator.ActiveCfg = Release|Any CPU
		{FF0DAE34-43E6-4E03-B888-EC79E477A647}.Ad-Hoc|iPhoneSimulator.Build.0 = Release|Any CPU
		{FF0DAE34-43E6-4E03-B888-EC79E477A647}.Ad-Hoc|x86.ActiveCfg = Release|Any CPU
		{FF0DAE34-43E6-4E03-B888-EC79E477A647}.Ad-Hoc|x86.Build.0 = Release|Any CPU
		{FF0DAE34-43E6-4E03-B888-EC79E477A647}.AppStore|Any CPU.ActiveCfg = Release|Any CPU
		{FF0DAE34-43E6-4E03-B888-EC79E477A647}.AppStore|Any CPU.Build.0 = Release|Any CPU
		{FF0DAE34-43E6-4E03-B888-EC79E477A647}.AppStore|ARM.ActiveCfg = Release|Any CPU
		{FF0DAE34-43E6-4E03-B888-EC79E477A647}.AppStore|ARM.Build.0 = Release|Any CPU
		{FF0DAE34-43E6-4E03-B888-EC79E477A647}.AppStore|iPhone.ActiveCfg = Release|Any CPU
		{FF0DAE34-43E6-4E03-B888-EC79E477A647}.AppStore|iPhone.Build.0 = Release|Any CPU
		{FF0DAE34-43E6-4E03-B888-EC79E477A647}.AppStore|iPhoneSimulator.ActiveCfg = Release|Any CPU
		{FF0DAE34-43E6-4E03-B888-EC79E477A647}.AppStore|iPhoneSimulator.Build.0 = Release|Any CPU
		{FF0DAE34-43E6-4E03-B888-EC79E477A647}.AppStore|x86.ActiveCfg = Release|Any CPU
		{FF0DAE34-43E6-4E03-B888-EC79E477A647}.AppStore|x86.Build.0 = Release|Any CPU
		{FF0DAE34-43E6-4E03-B888-EC79E477A647}.Debug|Any CPU.ActiveCfg = Debug|Any CPU
		{FF0DAE34-43E6-4E03-B888-EC79E477A647}.Debug|Any CPU.Build.0 = Debug|Any CPU
		{FF0DAE34-43E6-4E03-B888-EC79E477A647}.Debug|ARM.ActiveCfg = Debug|Any CPU
		{FF0DAE34-43E6-4E03-B888-EC79E477A647}.Debug|ARM.Build.0 = Debug|Any CPU
		{FF0DAE34-43E6-4E03-B888-EC79E477A647}.Debug|iPhone.ActiveCfg = Debug|Any CPU
		{FF0DAE34-43E6-4E03-B888-EC79E477A647}.Debug|iPhone.Build.0 = Debug|Any CPU
		{FF0DAE34-43E6-4E03-B888-EC79E477A647}.Debug|iPhoneSimulator.ActiveCfg = Debug|Any CPU
		{FF0DAE34-43E6-4E03-B888-EC79E477A647}.Debug|iPhoneSimulator.Build.0 = Debug|Any CPU
		{FF0DAE34-43E6-4E03-B888-EC79E477A647}.Debug|x86.ActiveCfg = Debug|Any CPU
		{FF0DAE34-43E6-4E03-B888-EC79E477A647}.Debug|x86.Build.0 = Debug|Any CPU
		{FF0DAE34-43E6-4E03-B888-EC79E477A647}.Release|Any CPU.ActiveCfg = Release|Any CPU
		{FF0DAE34-43E6-4E03-B888-EC79E477A647}.Release|Any CPU.Build.0 = Release|Any CPU
		{FF0DAE34-43E6-4E03-B888-EC79E477A647}.Release|ARM.ActiveCfg = Release|Any CPU
		{FF0DAE34-43E6-4E03-B888-EC79E477A647}.Release|ARM.Build.0 = Release|Any CPU
		{FF0DAE34-43E6-4E03-B888-EC79E477A647}.Release|iPhone.ActiveCfg = Release|Any CPU
		{FF0DAE34-43E6-4E03-B888-EC79E477A647}.Release|iPhone.Build.0 = Release|Any CPU
		{FF0DAE34-43E6-4E03-B888-EC79E477A647}.Release|iPhoneSimulator.ActiveCfg = Release|Any CPU
		{FF0DAE34-43E6-4E03-B888-EC79E477A647}.Release|iPhoneSimulator.Build.0 = Release|Any CPU
		{FF0DAE34-43E6-4E03-B888-EC79E477A647}.Release|x86.ActiveCfg = Release|Any CPU
		{FF0DAE34-43E6-4E03-B888-EC79E477A647}.Release|x86.Build.0 = Release|Any CPU
	EndGlobalSection
	GlobalSection(SolutionProperties) = preSolution
		HideSolutionNode = FALSE
	EndGlobalSection
EndGlobal
