
Microsoft Visual Studio Solution File, Format Version 12.00
# Visual Studio 14
VisualStudioVersion = 14.0.23107.0
MinimumVisualStudioVersion = 10.0.40219.1
Project("{FAE04EC0-301F-11D3-BF4B-00C04F79EFBC}") = "SefekoMobileDemo", "SefekoMobileDemo\SefekoMobileDemo\SefekoMobileDemo.csproj", "{DF483501-40C6-41C4-A1EF-B2C382A7C36B}"
EndProject
Project("{FAE04EC0-301F-11D3-BF4B-00C04F79EFBC}") = "SefekoMobileDemo.iOS", "SefekoMobileDemo\SefekoMobileDemo.iOS\SefekoMobileDemo.iOS.csproj", "{16C892E5-DFB4-46F2-ADDA-76CEBBB05EAD}"
EndProject
Project("{FAE04EC0-301F-11D3-BF4B-00C04F79EFBC}") = "SefekoMobileDemo.Droid", "SefekoMobileDemo\SefekoMobileDemo.Droid\SefekoMobileDemo.Droid.csproj", "{8CD8E2DB-860F-4782-977B-5FD36A0D37D1}"
EndProject
Project("{FAE04EC0-301F-11D3-BF4B-00C04F79EFBC}") = "SefekoMobileDemo.WinPhone", "SefekoMobileDemo\SefekoMobileDemo.WinPhone\SefekoMobileDemo.WinPhone.csproj", "{7F37D957-4DC7-421F-A474-261C48087B7E}"
EndProject
Project("{FAE04EC0-301F-11D3-BF4B-00C04F79EFBC}") = "SefekoMobileDemo.Uwp", "SefekoMobileDemo\SefekoMobileDemo.Uwp\SefekoMobileDemo.Uwp.csproj", "{6297CFF7-D2AC-452B-A829-B892539F9A5B}"
EndProject
Global
	GlobalSection(SolutionConfigurationPlatforms) = preSolution
		Ad-Hoc|Any CPU = Ad-Hoc|Any CPU
		Ad-Hoc|ARM = Ad-Hoc|ARM
		Ad-Hoc|iPhone = Ad-Hoc|iPhone
		Ad-Hoc|iPhoneSimulator = Ad-Hoc|iPhoneSimulator
		Ad-Hoc|x64 = Ad-Hoc|x64
		Ad-Hoc|x86 = Ad-Hoc|x86
		AppStore|Any CPU = AppStore|Any CPU
		AppStore|ARM = AppStore|ARM
		AppStore|iPhone = AppStore|iPhone
		AppStore|iPhoneSimulator = AppStore|iPhoneSimulator
		AppStore|x64 = AppStore|x64
		AppStore|x86 = AppStore|x86
		Debug|Any CPU = Debug|Any CPU
		Debug|ARM = Debug|ARM
		Debug|iPhone = Debug|iPhone
		Debug|iPhoneSimulator = Debug|iPhoneSimulator
		Debug|x64 = Debug|x64
		Debug|x86 = Debug|x86
		Release|Any CPU = Release|Any CPU
		Release|ARM = Release|ARM
		Release|iPhone = Release|iPhone
		Release|iPhoneSimulator = Release|iPhoneSimulator
		Release|x64 = Release|x64
		Release|x86 = Release|x86
	EndGlobalSection
	GlobalSection(ProjectConfigurationPlatforms) = postSolution
		{DF483501-40C6-41C4-A1EF-B2C382A7C36B}.Ad-Hoc|Any CPU.ActiveCfg = Release|Any CPU
		{DF483501-40C6-41C4-A1EF-B2C382A7C36B}.Ad-Hoc|Any CPU.Build.0 = Release|Any CPU
		{DF483501-40C6-41C4-A1EF-B2C382A7C36B}.Ad-Hoc|ARM.ActiveCfg = Release|Any CPU
		{DF483501-40C6-41C4-A1EF-B2C382A7C36B}.Ad-Hoc|ARM.Build.0 = Release|Any CPU
		{DF483501-40C6-41C4-A1EF-B2C382A7C36B}.Ad-Hoc|iPhone.ActiveCfg = Release|Any CPU
		{DF483501-40C6-41C4-A1EF-B2C382A7C36B}.Ad-Hoc|iPhone.Build.0 = Release|Any CPU
		{DF483501-40C6-41C4-A1EF-B2C382A7C36B}.Ad-Hoc|iPhoneSimulator.ActiveCfg = Release|Any CPU
		{DF483501-40C6-41C4-A1EF-B2C382A7C36B}.Ad-Hoc|iPhoneSimulator.Build.0 = Release|Any CPU
		{DF483501-40C6-41C4-A1EF-B2C382A7C36B}.Ad-Hoc|x64.ActiveCfg = Debug|Any CPU
		{DF483501-40C6-41C4-A1EF-B2C382A7C36B}.Ad-Hoc|x64.Build.0 = Debug|Any CPU
		{DF483501-40C6-41C4-A1EF-B2C382A7C36B}.Ad-Hoc|x86.ActiveCfg = Release|Any CPU
		{DF483501-40C6-41C4-A1EF-B2C382A7C36B}.Ad-Hoc|x86.Build.0 = Release|Any CPU
		{DF483501-40C6-41C4-A1EF-B2C382A7C36B}.AppStore|Any CPU.ActiveCfg = Release|Any CPU
		{DF483501-40C6-41C4-A1EF-B2C382A7C36B}.AppStore|Any CPU.Build.0 = Release|Any CPU
		{DF483501-40C6-41C4-A1EF-B2C382A7C36B}.AppStore|ARM.ActiveCfg = Release|Any CPU
		{DF483501-40C6-41C4-A1EF-B2C382A7C36B}.AppStore|ARM.Build.0 = Release|Any CPU
		{DF483501-40C6-41C4-A1EF-B2C382A7C36B}.AppStore|iPhone.ActiveCfg = Release|Any CPU
		{DF483501-40C6-41C4-A1EF-B2C382A7C36B}.AppStore|iPhone.Build.0 = Release|Any CPU
		{DF483501-40C6-41C4-A1EF-B2C382A7C36B}.AppStore|iPhoneSimulator.ActiveCfg = Release|Any CPU
		{DF483501-40C6-41C4-A1EF-B2C382A7C36B}.AppStore|iPhoneSimulator.Build.0 = Release|Any CPU
		{DF483501-40C6-41C4-A1EF-B2C382A7C36B}.AppStore|x64.ActiveCfg = Debug|Any CPU
		{DF483501-40C6-41C4-A1EF-B2C382A7C36B}.AppStore|x64.Build.0 = Debug|Any CPU
		{DF483501-40C6-41C4-A1EF-B2C382A7C36B}.AppStore|x86.ActiveCfg = Release|Any CPU
		{DF483501-40C6-41C4-A1EF-B2C382A7C36B}.AppStore|x86.Build.0 = Release|Any CPU
		{DF483501-40C6-41C4-A1EF-B2C382A7C36B}.Debug|Any CPU.ActiveCfg = Debug|Any CPU
		{DF483501-40C6-41C4-A1EF-B2C382A7C36B}.Debug|Any CPU.Build.0 = Debug|Any CPU
		{DF483501-40C6-41C4-A1EF-B2C382A7C36B}.Debug|ARM.ActiveCfg = Debug|Any CPU
		{DF483501-40C6-41C4-A1EF-B2C382A7C36B}.Debug|ARM.Build.0 = Debug|Any CPU
		{DF483501-40C6-41C4-A1EF-B2C382A7C36B}.Debug|iPhone.ActiveCfg = Debug|Any CPU
		{DF483501-40C6-41C4-A1EF-B2C382A7C36B}.Debug|iPhone.Build.0 = Debug|Any CPU
		{DF483501-40C6-41C4-A1EF-B2C382A7C36B}.Debug|iPhoneSimulator.ActiveCfg = Debug|Any CPU
		{DF483501-40C6-41C4-A1EF-B2C382A7C36B}.Debug|iPhoneSimulator.Build.0 = Debug|Any CPU
		{DF483501-40C6-41C4-A1EF-B2C382A7C36B}.Debug|x64.ActiveCfg = Debug|Any CPU
		{DF483501-40C6-41C4-A1EF-B2C382A7C36B}.Debug|x64.Build.0 = Debug|Any CPU
		{DF483501-40C6-41C4-A1EF-B2C382A7C36B}.Debug|x86.ActiveCfg = Debug|Any CPU
		{DF483501-40C6-41C4-A1EF-B2C382A7C36B}.Debug|x86.Build.0 = Debug|Any CPU
		{DF483501-40C6-41C4-A1EF-B2C382A7C36B}.Release|Any CPU.ActiveCfg = Release|Any CPU
		{DF483501-40C6-41C4-A1EF-B2C382A7C36B}.Release|Any CPU.Build.0 = Release|Any CPU
		{DF483501-40C6-41C4-A1EF-B2C382A7C36B}.Release|ARM.ActiveCfg = Release|Any CPU
		{DF483501-40C6-41C4-A1EF-B2C382A7C36B}.Release|ARM.Build.0 = Release|Any CPU
		{DF483501-40C6-41C4-A1EF-B2C382A7C36B}.Release|iPhone.ActiveCfg = Release|Any CPU
		{DF483501-40C6-41C4-A1EF-B2C382A7C36B}.Release|iPhone.Build.0 = Release|Any CPU
		{DF483501-40C6-41C4-A1EF-B2C382A7C36B}.Release|iPhoneSimulator.ActiveCfg = Release|Any CPU
		{DF483501-40C6-41C4-A1EF-B2C382A7C36B}.Release|iPhoneSimulator.Build.0 = Release|Any CPU
		{DF483501-40C6-41C4-A1EF-B2C382A7C36B}.Release|x64.ActiveCfg = Release|Any CPU
		{DF483501-40C6-41C4-A1EF-B2C382A7C36B}.Release|x64.Build.0 = Release|Any CPU
		{DF483501-40C6-41C4-A1EF-B2C382A7C36B}.Release|x86.ActiveCfg = Release|Any CPU
		{DF483501-40C6-41C4-A1EF-B2C382A7C36B}.Release|x86.Build.0 = Release|Any CPU
		{16C892E5-DFB4-46F2-ADDA-76CEBBB05EAD}.Ad-Hoc|Any CPU.ActiveCfg = Ad-Hoc|iPhone
		{16C892E5-DFB4-46F2-ADDA-76CEBBB05EAD}.Ad-Hoc|ARM.ActiveCfg = Ad-Hoc|iPhone
		{16C892E5-DFB4-46F2-ADDA-76CEBBB05EAD}.Ad-Hoc|iPhone.ActiveCfg = Ad-Hoc|iPhone
		{16C892E5-DFB4-46F2-ADDA-76CEBBB05EAD}.Ad-Hoc|iPhone.Build.0 = Ad-Hoc|iPhone
		{16C892E5-DFB4-46F2-ADDA-76CEBBB05EAD}.Ad-Hoc|iPhoneSimulator.ActiveCfg = Ad-Hoc|iPhoneSimulator
		{16C892E5-DFB4-46F2-ADDA-76CEBBB05EAD}.Ad-Hoc|iPhoneSimulator.Build.0 = Ad-Hoc|iPhoneSimulator
		{16C892E5-DFB4-46F2-ADDA-76CEBBB05EAD}.Ad-Hoc|x64.ActiveCfg = Ad-Hoc|iPhoneSimulator
		{16C892E5-DFB4-46F2-ADDA-76CEBBB05EAD}.Ad-Hoc|x86.ActiveCfg = Ad-Hoc|iPhone
		{16C892E5-DFB4-46F2-ADDA-76CEBBB05EAD}.AppStore|Any CPU.ActiveCfg = AppStore|iPhone
		{16C892E5-DFB4-46F2-ADDA-76CEBBB05EAD}.AppStore|ARM.ActiveCfg = AppStore|iPhone
		{16C892E5-DFB4-46F2-ADDA-76CEBBB05EAD}.AppStore|iPhone.ActiveCfg = AppStore|iPhone
		{16C892E5-DFB4-46F2-ADDA-76CEBBB05EAD}.AppStore|iPhone.Build.0 = AppStore|iPhone
		{16C892E5-DFB4-46F2-ADDA-76CEBBB05EAD}.AppStore|iPhoneSimulator.ActiveCfg = AppStore|iPhoneSimulator
		{16C892E5-DFB4-46F2-ADDA-76CEBBB05EAD}.AppStore|iPhoneSimulator.Build.0 = AppStore|iPhoneSimulator
		{16C892E5-DFB4-46F2-ADDA-76CEBBB05EAD}.AppStore|x64.ActiveCfg = AppStore|iPhoneSimulator
		{16C892E5-DFB4-46F2-ADDA-76CEBBB05EAD}.AppStore|x86.ActiveCfg = AppStore|iPhone
		{16C892E5-DFB4-46F2-ADDA-76CEBBB05EAD}.Debug|Any CPU.ActiveCfg = Debug|iPhone
		{16C892E5-DFB4-46F2-ADDA-76CEBBB05EAD}.Debug|ARM.ActiveCfg = Debug|iPhone
		{16C892E5-DFB4-46F2-ADDA-76CEBBB05EAD}.Debug|iPhone.ActiveCfg = Debug|iPhone
		{16C892E5-DFB4-46F2-ADDA-76CEBBB05EAD}.Debug|iPhone.Build.0 = Debug|iPhone
		{16C892E5-DFB4-46F2-ADDA-76CEBBB05EAD}.Debug|iPhoneSimulator.ActiveCfg = Debug|iPhoneSimulator
		{16C892E5-DFB4-46F2-ADDA-76CEBBB05EAD}.Debug|iPhoneSimulator.Build.0 = Debug|iPhoneSimulator
		{16C892E5-DFB4-46F2-ADDA-76CEBBB05EAD}.Debug|x64.ActiveCfg = Debug|iPhoneSimulator
		{16C892E5-DFB4-46F2-ADDA-76CEBBB05EAD}.Debug|x86.ActiveCfg = Debug|iPhone
		{16C892E5-DFB4-46F2-ADDA-76CEBBB05EAD}.Release|Any CPU.ActiveCfg = Release|iPhone
		{16C892E5-DFB4-46F2-ADDA-76CEBBB05EAD}.Release|ARM.ActiveCfg = Release|iPhone
		{16C892E5-DFB4-46F2-ADDA-76CEBBB05EAD}.Release|iPhone.ActiveCfg = Release|iPhone
		{16C892E5-DFB4-46F2-ADDA-76CEBBB05EAD}.Release|iPhone.Build.0 = Release|iPhone
		{16C892E5-DFB4-46F2-ADDA-76CEBBB05EAD}.Release|iPhoneSimulator.ActiveCfg = Release|iPhoneSimulator
		{16C892E5-DFB4-46F2-ADDA-76CEBBB05EAD}.Release|iPhoneSimulator.Build.0 = Release|iPhoneSimulator
		{16C892E5-DFB4-46F2-ADDA-76CEBBB05EAD}.Release|x64.ActiveCfg = Release|iPhoneSimulator
		{16C892E5-DFB4-46F2-ADDA-76CEBBB05EAD}.Release|x86.ActiveCfg = Release|iPhone
		{8CD8E2DB-860F-4782-977B-5FD36A0D37D1}.Ad-Hoc|Any CPU.ActiveCfg = Release|Any CPU
		{8CD8E2DB-860F-4782-977B-5FD36A0D37D1}.Ad-Hoc|Any CPU.Build.0 = Release|Any CPU
		{8CD8E2DB-860F-4782-977B-5FD36A0D37D1}.Ad-Hoc|Any CPU.Deploy.0 = Release|Any CPU
		{8CD8E2DB-860F-4782-977B-5FD36A0D37D1}.Ad-Hoc|ARM.ActiveCfg = Release|Any CPU
		{8CD8E2DB-860F-4782-977B-5FD36A0D37D1}.Ad-Hoc|ARM.Build.0 = Release|Any CPU
		{8CD8E2DB-860F-4782-977B-5FD36A0D37D1}.Ad-Hoc|ARM.Deploy.0 = Release|Any CPU
		{8CD8E2DB-860F-4782-977B-5FD36A0D37D1}.Ad-Hoc|iPhone.ActiveCfg = Release|Any CPU
		{8CD8E2DB-860F-4782-977B-5FD36A0D37D1}.Ad-Hoc|iPhone.Build.0 = Release|Any CPU
		{8CD8E2DB-860F-4782-977B-5FD36A0D37D1}.Ad-Hoc|iPhone.Deploy.0 = Release|Any CPU
		{8CD8E2DB-860F-4782-977B-5FD36A0D37D1}.Ad-Hoc|iPhoneSimulator.ActiveCfg = Release|Any CPU
		{8CD8E2DB-860F-4782-977B-5FD36A0D37D1}.Ad-Hoc|iPhoneSimulator.Build.0 = Release|Any CPU
		{8CD8E2DB-860F-4782-977B-5FD36A0D37D1}.Ad-Hoc|iPhoneSimulator.Deploy.0 = Release|Any CPU
		{8CD8E2DB-860F-4782-977B-5FD36A0D37D1}.Ad-Hoc|x64.ActiveCfg = Debug|Any CPU
		{8CD8E2DB-860F-4782-977B-5FD36A0D37D1}.Ad-Hoc|x64.Build.0 = Debug|Any CPU
		{8CD8E2DB-860F-4782-977B-5FD36A0D37D1}.Ad-Hoc|x64.Deploy.0 = Debug|Any CPU
		{8CD8E2DB-860F-4782-977B-5FD36A0D37D1}.Ad-Hoc|x86.ActiveCfg = Release|Any CPU
		{8CD8E2DB-860F-4782-977B-5FD36A0D37D1}.Ad-Hoc|x86.Build.0 = Release|Any CPU
		{8CD8E2DB-860F-4782-977B-5FD36A0D37D1}.Ad-Hoc|x86.Deploy.0 = Release|Any CPU
		{8CD8E2DB-860F-4782-977B-5FD36A0D37D1}.AppStore|Any CPU.ActiveCfg = Release|Any CPU
		{8CD8E2DB-860F-4782-977B-5FD36A0D37D1}.AppStore|Any CPU.Build.0 = Release|Any CPU
		{8CD8E2DB-860F-4782-977B-5FD36A0D37D1}.AppStore|Any CPU.Deploy.0 = Release|Any CPU
		{8CD8E2DB-860F-4782-977B-5FD36A0D37D1}.AppStore|ARM.ActiveCfg = Release|Any CPU
		{8CD8E2DB-860F-4782-977B-5FD36A0D37D1}.AppStore|ARM.Build.0 = Release|Any CPU
		{8CD8E2DB-860F-4782-977B-5FD36A0D37D1}.AppStore|ARM.Deploy.0 = Release|Any CPU
		{8CD8E2DB-860F-4782-977B-5FD36A0D37D1}.AppStore|iPhone.ActiveCfg = Release|Any CPU
		{8CD8E2DB-860F-4782-977B-5FD36A0D37D1}.AppStore|iPhone.Build.0 = Release|Any CPU
		{8CD8E2DB-860F-4782-977B-5FD36A0D37D1}.AppStore|iPhone.Deploy.0 = Release|Any CPU
		{8CD8E2DB-860F-4782-977B-5FD36A0D37D1}.AppStore|iPhoneSimulator.ActiveCfg = Release|Any CPU
		{8CD8E2DB-860F-4782-977B-5FD36A0D37D1}.AppStore|iPhoneSimulator.Build.0 = Release|Any CPU
		{8CD8E2DB-860F-4782-977B-5FD36A0D37D1}.AppStore|iPhoneSimulator.Deploy.0 = Release|Any CPU
		{8CD8E2DB-860F-4782-977B-5FD36A0D37D1}.AppStore|x64.ActiveCfg = Debug|Any CPU
		{8CD8E2DB-860F-4782-977B-5FD36A0D37D1}.AppStore|x64.Build.0 = Debug|Any CPU
		{8CD8E2DB-860F-4782-977B-5FD36A0D37D1}.AppStore|x64.Deploy.0 = Debug|Any CPU
		{8CD8E2DB-860F-4782-977B-5FD36A0D37D1}.AppStore|x86.ActiveCfg = Release|Any CPU
		{8CD8E2DB-860F-4782-977B-5FD36A0D37D1}.AppStore|x86.Build.0 = Release|Any CPU
		{8CD8E2DB-860F-4782-977B-5FD36A0D37D1}.AppStore|x86.Deploy.0 = Release|Any CPU
		{8CD8E2DB-860F-4782-977B-5FD36A0D37D1}.Debug|Any CPU.ActiveCfg = Debug|Any CPU
		{8CD8E2DB-860F-4782-977B-5FD36A0D37D1}.Debug|Any CPU.Build.0 = Debug|Any CPU
		{8CD8E2DB-860F-4782-977B-5FD36A0D37D1}.Debug|Any CPU.Deploy.0 = Debug|Any CPU
		{8CD8E2DB-860F-4782-977B-5FD36A0D37D1}.Debug|ARM.ActiveCfg = Debug|Any CPU
		{8CD8E2DB-860F-4782-977B-5FD36A0D37D1}.Debug|ARM.Build.0 = Debug|Any CPU
		{8CD8E2DB-860F-4782-977B-5FD36A0D37D1}.Debug|ARM.Deploy.0 = Debug|Any CPU
		{8CD8E2DB-860F-4782-977B-5FD36A0D37D1}.Debug|iPhone.ActiveCfg = Debug|Any CPU
		{8CD8E2DB-860F-4782-977B-5FD36A0D37D1}.Debug|iPhone.Build.0 = Debug|Any CPU
		{8CD8E2DB-860F-4782-977B-5FD36A0D37D1}.Debug|iPhone.Deploy.0 = Debug|Any CPU
		{8CD8E2DB-860F-4782-977B-5FD36A0D37D1}.Debug|iPhoneSimulator.ActiveCfg = Debug|Any CPU
		{8CD8E2DB-860F-4782-977B-5FD36A0D37D1}.Debug|iPhoneSimulator.Build.0 = Debug|Any CPU
		{8CD8E2DB-860F-4782-977B-5FD36A0D37D1}.Debug|iPhoneSimulator.Deploy.0 = Debug|Any CPU
		{8CD8E2DB-860F-4782-977B-5FD36A0D37D1}.Debug|x64.ActiveCfg = Debug|Any CPU
		{8CD8E2DB-860F-4782-977B-5FD36A0D37D1}.Debug|x64.Build.0 = Debug|Any CPU
		{8CD8E2DB-860F-4782-977B-5FD36A0D37D1}.Debug|x64.Deploy.0 = Debug|Any CPU
		{8CD8E2DB-860F-4782-977B-5FD36A0D37D1}.Debug|x86.ActiveCfg = Debug|Any CPU
		{8CD8E2DB-860F-4782-977B-5FD36A0D37D1}.Debug|x86.Build.0 = Debug|Any CPU
		{8CD8E2DB-860F-4782-977B-5FD36A0D37D1}.Debug|x86.Deploy.0 = Debug|Any CPU
		{8CD8E2DB-860F-4782-977B-5FD36A0D37D1}.Release|Any CPU.ActiveCfg = Release|Any CPU
		{8CD8E2DB-860F-4782-977B-5FD36A0D37D1}.Release|Any CPU.Build.0 = Release|Any CPU
		{8CD8E2DB-860F-4782-977B-5FD36A0D37D1}.Release|Any CPU.Deploy.0 = Release|Any CPU
		{8CD8E2DB-860F-4782-977B-5FD36A0D37D1}.Release|ARM.ActiveCfg = Release|Any CPU
		{8CD8E2DB-860F-4782-977B-5FD36A0D37D1}.Release|ARM.Build.0 = Release|Any CPU
		{8CD8E2DB-860F-4782-977B-5FD36A0D37D1}.Release|ARM.Deploy.0 = Release|Any CPU
		{8CD8E2DB-860F-4782-977B-5FD36A0D37D1}.Release|iPhone.ActiveCfg = Release|Any CPU
		{8CD8E2DB-860F-4782-977B-5FD36A0D37D1}.Release|iPhone.Build.0 = Release|Any CPU
		{8CD8E2DB-860F-4782-977B-5FD36A0D37D1}.Release|iPhone.Deploy.0 = Release|Any CPU
		{8CD8E2DB-860F-4782-977B-5FD36A0D37D1}.Release|iPhoneSimulator.ActiveCfg = Release|Any CPU
		{8CD8E2DB-860F-4782-977B-5FD36A0D37D1}.Release|iPhoneSimulator.Build.0 = Release|Any CPU
		{8CD8E2DB-860F-4782-977B-5FD36A0D37D1}.Release|iPhoneSimulator.Deploy.0 = Release|Any CPU
		{8CD8E2DB-860F-4782-977B-5FD36A0D37D1}.Release|x64.ActiveCfg = Release|Any CPU
		{8CD8E2DB-860F-4782-977B-5FD36A0D37D1}.Release|x64.Build.0 = Release|Any CPU
		{8CD8E2DB-860F-4782-977B-5FD36A0D37D1}.Release|x64.Deploy.0 = Release|Any CPU
		{8CD8E2DB-860F-4782-977B-5FD36A0D37D1}.Release|x86.ActiveCfg = Release|Any CPU
		{8CD8E2DB-860F-4782-977B-5FD36A0D37D1}.Release|x86.Build.0 = Release|Any CPU
		{8CD8E2DB-860F-4782-977B-5FD36A0D37D1}.Release|x86.Deploy.0 = Release|Any CPU
		{7F37D957-4DC7-421F-A474-261C48087B7E}.Ad-Hoc|Any CPU.ActiveCfg = Release|Any CPU
		{7F37D957-4DC7-421F-A474-261C48087B7E}.Ad-Hoc|Any CPU.Build.0 = Release|Any CPU
		{7F37D957-4DC7-421F-A474-261C48087B7E}.Ad-Hoc|Any CPU.Deploy.0 = Release|Any CPU
		{7F37D957-4DC7-421F-A474-261C48087B7E}.Ad-Hoc|ARM.ActiveCfg = Release|ARM
		{7F37D957-4DC7-421F-A474-261C48087B7E}.Ad-Hoc|ARM.Build.0 = Release|ARM
		{7F37D957-4DC7-421F-A474-261C48087B7E}.Ad-Hoc|ARM.Deploy.0 = Release|ARM
		{7F37D957-4DC7-421F-A474-261C48087B7E}.Ad-Hoc|iPhone.ActiveCfg = Release|Any CPU
		{7F37D957-4DC7-421F-A474-261C48087B7E}.Ad-Hoc|iPhone.Build.0 = Release|Any CPU
		{7F37D957-4DC7-421F-A474-261C48087B7E}.Ad-Hoc|iPhone.Deploy.0 = Release|Any CPU
		{7F37D957-4DC7-421F-A474-261C48087B7E}.Ad-Hoc|iPhoneSimulator.ActiveCfg = Release|Any CPU
		{7F37D957-4DC7-421F-A474-261C48087B7E}.Ad-Hoc|iPhoneSimulator.Build.0 = Release|Any CPU
		{7F37D957-4DC7-421F-A474-261C48087B7E}.Ad-Hoc|iPhoneSimulator.Deploy.0 = Release|Any CPU
		{7F37D957-4DC7-421F-A474-261C48087B7E}.Ad-Hoc|x64.ActiveCfg = Debug|Any CPU
		{7F37D957-4DC7-421F-A474-261C48087B7E}.Ad-Hoc|x64.Build.0 = Debug|Any CPU
		{7F37D957-4DC7-421F-A474-261C48087B7E}.Ad-Hoc|x64.Deploy.0 = Debug|Any CPU
		{7F37D957-4DC7-421F-A474-261C48087B7E}.Ad-Hoc|x86.ActiveCfg = Release|x86
		{7F37D957-4DC7-421F-A474-261C48087B7E}.Ad-Hoc|x86.Build.0 = Release|x86
		{7F37D957-4DC7-421F-A474-261C48087B7E}.Ad-Hoc|x86.Deploy.0 = Release|x86
		{7F37D957-4DC7-421F-A474-261C48087B7E}.AppStore|Any CPU.ActiveCfg = Release|Any CPU
		{7F37D957-4DC7-421F-A474-261C48087B7E}.AppStore|Any CPU.Build.0 = Release|Any CPU
		{7F37D957-4DC7-421F-A474-261C48087B7E}.AppStore|Any CPU.Deploy.0 = Release|Any CPU
		{7F37D957-4DC7-421F-A474-261C48087B7E}.AppStore|ARM.ActiveCfg = Release|ARM
		{7F37D957-4DC7-421F-A474-261C48087B7E}.AppStore|ARM.Build.0 = Release|ARM
		{7F37D957-4DC7-421F-A474-261C48087B7E}.AppStore|ARM.Deploy.0 = Release|ARM
		{7F37D957-4DC7-421F-A474-261C48087B7E}.AppStore|iPhone.ActiveCfg = Release|Any CPU
		{7F37D957-4DC7-421F-A474-261C48087B7E}.AppStore|iPhone.Build.0 = Release|Any CPU
		{7F37D957-4DC7-421F-A474-261C48087B7E}.AppStore|iPhone.Deploy.0 = Release|Any CPU
		{7F37D957-4DC7-421F-A474-261C48087B7E}.AppStore|iPhoneSimulator.ActiveCfg = Release|Any CPU
		{7F37D957-4DC7-421F-A474-261C48087B7E}.AppStore|iPhoneSimulator.Build.0 = Release|Any CPU
		{7F37D957-4DC7-421F-A474-261C48087B7E}.AppStore|iPhoneSimulator.Deploy.0 = Release|Any CPU
		{7F37D957-4DC7-421F-A474-261C48087B7E}.AppStore|x64.ActiveCfg = Debug|Any CPU
		{7F37D957-4DC7-421F-A474-261C48087B7E}.AppStore|x64.Build.0 = Debug|Any CPU
		{7F37D957-4DC7-421F-A474-261C48087B7E}.AppStore|x64.Deploy.0 = Debug|Any CPU
		{7F37D957-4DC7-421F-A474-261C48087B7E}.AppStore|x86.ActiveCfg = Release|x86
		{7F37D957-4DC7-421F-A474-261C48087B7E}.AppStore|x86.Build.0 = Release|x86
		{7F37D957-4DC7-421F-A474-261C48087B7E}.AppStore|x86.Deploy.0 = Release|x86
		{7F37D957-4DC7-421F-A474-261C48087B7E}.Debug|Any CPU.ActiveCfg = Debug|Any CPU
		{7F37D957-4DC7-421F-A474-261C48087B7E}.Debug|Any CPU.Build.0 = Debug|Any CPU
		{7F37D957-4DC7-421F-A474-261C48087B7E}.Debug|Any CPU.Deploy.0 = Debug|Any CPU
		{7F37D957-4DC7-421F-A474-261C48087B7E}.Debug|ARM.ActiveCfg = Debug|ARM
		{7F37D957-4DC7-421F-A474-261C48087B7E}.Debug|ARM.Build.0 = Debug|ARM
		{7F37D957-4DC7-421F-A474-261C48087B7E}.Debug|ARM.Deploy.0 = Debug|ARM
		{7F37D957-4DC7-421F-A474-261C48087B7E}.Debug|iPhone.ActiveCfg = Debug|Any CPU
		{7F37D957-4DC7-421F-A474-261C48087B7E}.Debug|iPhone.Build.0 = Debug|Any CPU
		{7F37D957-4DC7-421F-A474-261C48087B7E}.Debug|iPhone.Deploy.0 = Debug|Any CPU
		{7F37D957-4DC7-421F-A474-261C48087B7E}.Debug|iPhoneSimulator.ActiveCfg = Debug|Any CPU
		{7F37D957-4DC7-421F-A474-261C48087B7E}.Debug|iPhoneSimulator.Build.0 = Debug|Any CPU
		{7F37D957-4DC7-421F-A474-261C48087B7E}.Debug|iPhoneSimulator.Deploy.0 = Debug|Any CPU
		{7F37D957-4DC7-421F-A474-261C48087B7E}.Debug|x64.ActiveCfg = Debug|Any CPU
		{7F37D957-4DC7-421F-A474-261C48087B7E}.Debug|x64.Build.0 = Debug|Any CPU
		{7F37D957-4DC7-421F-A474-261C48087B7E}.Debug|x64.Deploy.0 = Debug|Any CPU
		{7F37D957-4DC7-421F-A474-261C48087B7E}.Debug|x86.ActiveCfg = Debug|x86
		{7F37D957-4DC7-421F-A474-261C48087B7E}.Debug|x86.Build.0 = Debug|x86
		{7F37D957-4DC7-421F-A474-261C48087B7E}.Debug|x86.Deploy.0 = Debug|x86
		{7F37D957-4DC7-421F-A474-261C48087B7E}.Release|Any CPU.ActiveCfg = Release|Any CPU
		{7F37D957-4DC7-421F-A474-261C48087B7E}.Release|Any CPU.Build.0 = Release|Any CPU
		{7F37D957-4DC7-421F-A474-261C48087B7E}.Release|Any CPU.Deploy.0 = Release|Any CPU
		{7F37D957-4DC7-421F-A474-261C48087B7E}.Release|ARM.ActiveCfg = Release|ARM
		{7F37D957-4DC7-421F-A474-261C48087B7E}.Release|ARM.Build.0 = Release|ARM
		{7F37D957-4DC7-421F-A474-261C48087B7E}.Release|ARM.Deploy.0 = Release|ARM
		{7F37D957-4DC7-421F-A474-261C48087B7E}.Release|iPhone.ActiveCfg = Release|Any CPU
		{7F37D957-4DC7-421F-A474-261C48087B7E}.Release|iPhone.Build.0 = Release|Any CPU
		{7F37D957-4DC7-421F-A474-261C48087B7E}.Release|iPhone.Deploy.0 = Release|Any CPU
		{7F37D957-4DC7-421F-A474-261C48087B7E}.Release|iPhoneSimulator.ActiveCfg = Release|Any CPU
		{7F37D957-4DC7-421F-A474-261C48087B7E}.Release|iPhoneSimulator.Build.0 = Release|Any CPU
		{7F37D957-4DC7-421F-A474-261C48087B7E}.Release|iPhoneSimulator.Deploy.0 = Release|Any CPU
		{7F37D957-4DC7-421F-A474-261C48087B7E}.Release|x64.ActiveCfg = Release|Any CPU
		{7F37D957-4DC7-421F-A474-261C48087B7E}.Release|x64.Build.0 = Release|Any CPU
		{7F37D957-4DC7-421F-A474-261C48087B7E}.Release|x64.Deploy.0 = Release|Any CPU
		{7F37D957-4DC7-421F-A474-261C48087B7E}.Release|x86.ActiveCfg = Release|x86
		{7F37D957-4DC7-421F-A474-261C48087B7E}.Release|x86.Build.0 = Release|x86
		{7F37D957-4DC7-421F-A474-261C48087B7E}.Release|x86.Deploy.0 = Release|x86
		{6297CFF7-D2AC-452B-A829-B892539F9A5B}.Ad-Hoc|Any CPU.ActiveCfg = Release|x86
		{6297CFF7-D2AC-452B-A829-B892539F9A5B}.Ad-Hoc|Any CPU.Build.0 = Release|x86
		{6297CFF7-D2AC-452B-A829-B892539F9A5B}.Ad-Hoc|Any CPU.Deploy.0 = Release|x86
		{6297CFF7-D2AC-452B-A829-B892539F9A5B}.Ad-Hoc|ARM.ActiveCfg = Release|ARM
		{6297CFF7-D2AC-452B-A829-B892539F9A5B}.Ad-Hoc|ARM.Build.0 = Release|ARM
		{6297CFF7-D2AC-452B-A829-B892539F9A5B}.Ad-Hoc|ARM.Deploy.0 = Release|ARM
		{6297CFF7-D2AC-452B-A829-B892539F9A5B}.Ad-Hoc|iPhone.ActiveCfg = Release|x86
		{6297CFF7-D2AC-452B-A829-B892539F9A5B}.Ad-Hoc|iPhone.Build.0 = Release|x86
		{6297CFF7-D2AC-452B-A829-B892539F9A5B}.Ad-Hoc|iPhone.Deploy.0 = Release|x86
		{6297CFF7-D2AC-452B-A829-B892539F9A5B}.Ad-Hoc|iPhoneSimulator.ActiveCfg = Release|x86
		{6297CFF7-D2AC-452B-A829-B892539F9A5B}.Ad-Hoc|iPhoneSimulator.Build.0 = Release|x86
		{6297CFF7-D2AC-452B-A829-B892539F9A5B}.Ad-Hoc|iPhoneSimulator.Deploy.0 = Release|x86
		{6297CFF7-D2AC-452B-A829-B892539F9A5B}.Ad-Hoc|x64.ActiveCfg = Release|x64
		{6297CFF7-D2AC-452B-A829-B892539F9A5B}.Ad-Hoc|x64.Build.0 = Release|x64
		{6297CFF7-D2AC-452B-A829-B892539F9A5B}.Ad-Hoc|x64.Deploy.0 = Release|x64
		{6297CFF7-D2AC-452B-A829-B892539F9A5B}.Ad-Hoc|x86.ActiveCfg = Release|x86
		{6297CFF7-D2AC-452B-A829-B892539F9A5B}.Ad-Hoc|x86.Build.0 = Release|x86
		{6297CFF7-D2AC-452B-A829-B892539F9A5B}.Ad-Hoc|x86.Deploy.0 = Release|x86
		{6297CFF7-D2AC-452B-A829-B892539F9A5B}.AppStore|Any CPU.ActiveCfg = Release|x86
		{6297CFF7-D2AC-452B-A829-B892539F9A5B}.AppStore|Any CPU.Build.0 = Release|x86
		{6297CFF7-D2AC-452B-A829-B892539F9A5B}.AppStore|Any CPU.Deploy.0 = Release|x86
		{6297CFF7-D2AC-452B-A829-B892539F9A5B}.AppStore|ARM.ActiveCfg = Release|ARM
		{6297CFF7-D2AC-452B-A829-B892539F9A5B}.AppStore|ARM.Build.0 = Release|ARM
		{6297CFF7-D2AC-452B-A829-B892539F9A5B}.AppStore|ARM.Deploy.0 = Release|ARM
		{6297CFF7-D2AC-452B-A829-B892539F9A5B}.AppStore|iPhone.ActiveCfg = Release|x86
		{6297CFF7-D2AC-452B-A829-B892539F9A5B}.AppStore|iPhone.Build.0 = Release|x86
		{6297CFF7-D2AC-452B-A829-B892539F9A5B}.AppStore|iPhone.Deploy.0 = Release|x86
		{6297CFF7-D2AC-452B-A829-B892539F9A5B}.AppStore|iPhoneSimulator.ActiveCfg = Release|x86
		{6297CFF7-D2AC-452B-A829-B892539F9A5B}.AppStore|iPhoneSimulator.Build.0 = Release|x86
		{6297CFF7-D2AC-452B-A829-B892539F9A5B}.AppStore|iPhoneSimulator.Deploy.0 = Release|x86
		{6297CFF7-D2AC-452B-A829-B892539F9A5B}.AppStore|x64.ActiveCfg = Release|x64
		{6297CFF7-D2AC-452B-A829-B892539F9A5B}.AppStore|x64.Build.0 = Release|x64
		{6297CFF7-D2AC-452B-A829-B892539F9A5B}.AppStore|x64.Deploy.0 = Release|x64
		{6297CFF7-D2AC-452B-A829-B892539F9A5B}.AppStore|x86.ActiveCfg = Release|x86
		{6297CFF7-D2AC-452B-A829-B892539F9A5B}.AppStore|x86.Build.0 = Release|x86
		{6297CFF7-D2AC-452B-A829-B892539F9A5B}.AppStore|x86.Deploy.0 = Release|x86
		{6297CFF7-D2AC-452B-A829-B892539F9A5B}.Debug|Any CPU.ActiveCfg = Debug|x86
		{6297CFF7-D2AC-452B-A829-B892539F9A5B}.Debug|ARM.ActiveCfg = Debug|ARM
		{6297CFF7-D2AC-452B-A829-B892539F9A5B}.Debug|ARM.Build.0 = Debug|ARM
		{6297CFF7-D2AC-452B-A829-B892539F9A5B}.Debug|ARM.Deploy.0 = Debug|ARM
		{6297CFF7-D2AC-452B-A829-B892539F9A5B}.Debug|iPhone.ActiveCfg = Debug|x86
		{6297CFF7-D2AC-452B-A829-B892539F9A5B}.Debug|iPhoneSimulator.ActiveCfg = Debug|x86
		{6297CFF7-D2AC-452B-A829-B892539F9A5B}.Debug|x64.ActiveCfg = Debug|x64
		{6297CFF7-D2AC-452B-A829-B892539F9A5B}.Debug|x64.Build.0 = Debug|x64
		{6297CFF7-D2AC-452B-A829-B892539F9A5B}.Debug|x64.Deploy.0 = Debug|x64
		{6297CFF7-D2AC-452B-A829-B892539F9A5B}.Debug|x86.ActiveCfg = Debug|x86
		{6297CFF7-D2AC-452B-A829-B892539F9A5B}.Debug|x86.Build.0 = Debug|x86
		{6297CFF7-D2AC-452B-A829-B892539F9A5B}.Debug|x86.Deploy.0 = Debug|x86
		{6297CFF7-D2AC-452B-A829-B892539F9A5B}.Release|Any CPU.ActiveCfg = Release|x86
		{6297CFF7-D2AC-452B-A829-B892539F9A5B}.Release|ARM.ActiveCfg = Release|ARM
		{6297CFF7-D2AC-452B-A829-B892539F9A5B}.Release|ARM.Build.0 = Release|ARM
		{6297CFF7-D2AC-452B-A829-B892539F9A5B}.Release|ARM.Deploy.0 = Release|ARM
		{6297CFF7-D2AC-452B-A829-B892539F9A5B}.Release|iPhone.ActiveCfg = Release|x86
		{6297CFF7-D2AC-452B-A829-B892539F9A5B}.Release|iPhoneSimulator.ActiveCfg = Release|x86
		{6297CFF7-D2AC-452B-A829-B892539F9A5B}.Release|x64.ActiveCfg = Release|x64
		{6297CFF7-D2AC-452B-A829-B892539F9A5B}.Release|x64.Build.0 = Release|x64
		{6297CFF7-D2AC-452B-A829-B892539F9A5B}.Release|x64.Deploy.0 = Release|x64
		{6297CFF7-D2AC-452B-A829-B892539F9A5B}.Release|x86.ActiveCfg = Release|x86
		{6297CFF7-D2AC-452B-A829-B892539F9A5B}.Release|x86.Build.0 = Release|x86
		{6297CFF7-D2AC-452B-A829-B892539F9A5B}.Release|x86.Deploy.0 = Release|x86
	EndGlobalSection
	GlobalSection(SolutionProperties) = preSolution
		HideSolutionNode = FALSE
	EndGlobalSection
EndGlobal
